
Microsoft Visual Studio Solution File, Format Version 12.00
# Visual Studio Version 17
VisualStudioVersion = 17.5.33530.505
MinimumVisualStudioVersion = 10.0.40219.1
Project("{9A19103F-16F7-4668-BE54-9A1E7A4F7556}") = "Fibonacci.Gateway", "Fibonacci.Gateway\Fibonacci.Gateway.csproj", "{4298A5ED-B179-4625-B9F8-CF15A4728B5B}"
EndProject
Project("{9A19103F-16F7-4668-BE54-9A1E7A4F7556}") = "Fibonacci.Gateway.Infrastructure", "Fibonacci.Gateway.Infrastructure\Fibonacci.Gateway.Infrastructure.csproj", "{B172B959-A6BA-4AC4-9E30-7D872157713E}"
EndProject
Project("{2150E333-8FDC-42A3-9474-1A3956D46DE8}") = "Solution Items", "Solution Items", "{9BBDE593-C952-4A18-BF56-0EEAF6883B6A}"
	ProjectSection(SolutionItems) = preProject
		Dockerfile = Dockerfile
	EndProjectSection
EndProject
Project("{9A19103F-16F7-4668-BE54-9A1E7A4F7556}") = "Fibonacci.Gateway.Domain", "Fibonacci.Gateway.Domain\Fibonacci.Gateway.Domain.csproj", "{5A37A44F-EBAC-432C-A7CE-F6B63C97E5D5}"
EndProject
Global
	GlobalSection(SolutionConfigurationPlatforms) = preSolution
		Debug|Any CPU = Debug|Any CPU
		Release|Any CPU = Release|Any CPU
	EndGlobalSection
	GlobalSection(ProjectConfigurationPlatforms) = postSolution
		{4298A5ED-B179-4625-B9F8-CF15A4728B5B}.Debug|Any CPU.ActiveCfg = Debug|Any CPU
		{4298A5ED-B179-4625-B9F8-CF15A4728B5B}.Debug|Any CPU.Build.0 = Debug|Any CPU
		{4298A5ED-B179-4625-B9F8-CF15A4728B5B}.Release|Any CPU.ActiveCfg = Release|Any CPU
		{4298A5ED-B179-4625-B9F8-CF15A4728B5B}.Release|Any CPU.Build.0 = Release|Any CPU
		{B172B959-A6BA-4AC4-9E30-7D872157713E}.Debug|Any CPU.ActiveCfg = Debug|Any CPU
		{B172B959-A6BA-4AC4-9E30-7D872157713E}.Debug|Any CPU.Build.0 = Debug|Any CPU
		{B172B959-A6BA-4AC4-9E30-7D872157713E}.Release|Any CPU.ActiveCfg = Release|Any CPU
		{B172B959-A6BA-4AC4-9E30-7D872157713E}.Release|Any CPU.Build.0 = Release|Any CPU
		{5A37A44F-EBAC-432C-A7CE-F6B63C97E5D5}.Debug|Any CPU.ActiveCfg = Debug|Any CPU
		{5A37A44F-EBAC-432C-A7CE-F6B63C97E5D5}.Debug|Any CPU.Build.0 = Debug|Any CPU
		{5A37A44F-EBAC-432C-A7CE-F6B63C97E5D5}.Release|Any CPU.ActiveCfg = Release|Any CPU
		{5A37A44F-EBAC-432C-A7CE-F6B63C97E5D5}.Release|Any CPU.Build.0 = Release|Any CPU
	EndGlobalSection
	GlobalSection(SolutionProperties) = preSolution
		HideSolutionNode = FALSE
	EndGlobalSection
	GlobalSection(ExtensibilityGlobals) = postSolution
		SolutionGuid = {767F00C0-1403-4E87-A99F-C151D5CEE2A7}
	EndGlobalSection
EndGlobal
